// !$*UTF8*$!
{
	archiveVersion = 1;
	classes = {
	};
	objectVersion = 48;
	objects = {

/* Begin PBXBuildFile section */
		310A07D01FA95B6D00DC9529 /* LoginResult.m in Sources */ = {isa = PBXBuildFile; fileRef = 310A07CF1FA95B6D00DC9529 /* LoginResult.m */; };
		310A07D41FA96AD500DC9529 /* HomeViewController.m in Sources */ = {isa = PBXBuildFile; fileRef = 310A07D31FA96AD500DC9529 /* HomeViewController.m */; };
		310A07DA1FA96BDB00DC9529 /* MapViewController.m in Sources */ = {isa = PBXBuildFile; fileRef = 310A07D91FA96BDB00DC9529 /* MapViewController.m */; };
		310A07E01FA96BF800DC9529 /* MineViewController.m in Sources */ = {isa = PBXBuildFile; fileRef = 310A07DF1FA96BF800DC9529 /* MineViewController.m */; };
		310C75091FC7B5C300B3A7D0 /* MapSearchHistory.m in Sources */ = {isa = PBXBuildFile; fileRef = 310C75081FC7B5C300B3A7D0 /* MapSearchHistory.m */; };
		313070C61FBA888000A0DE71 /* UIImagePickerController+StatusBar.m in Sources */ = {isa = PBXBuildFile; fileRef = 313070C51FBA888000A0DE71 /* UIImagePickerController+StatusBar.m */; };
		313070C91FBA89C500A0DE71 /* Localizable.strings in Resources */ = {isa = PBXBuildFile; fileRef = 313070CB1FBA89C500A0DE71 /* Localizable.strings */; };
		313070CF1FBA924000A0DE71 /* RNRFinishedViewController.m in Sources */ = {isa = PBXBuildFile; fileRef = 313070CE1FBA924000A0DE71 /* RNRFinishedViewController.m */; };
		313070D21FBA9BD900A0DE71 /* VINBindingViewController.m in Sources */ = {isa = PBXBuildFile; fileRef = 313070D11FBA9BD900A0DE71 /* VINBindingViewController.m */; };
		313AC7DF1FAC5ABD00A3662E /* LocationAnnotationView.m in Sources */ = {isa = PBXBuildFile; fileRef = 313AC7DE1FAC5ABD00A3662E /* LocationAnnotationView.m */; };
		314B98621FD7F24C00ABB638 /* POI.m in Sources */ = {isa = PBXBuildFile; fileRef = 314B98611FD7F24C00ABB638 /* POI.m */; };
		314E05D41FB582D6000550C7 /* TopImgButton.m in Sources */ = {isa = PBXBuildFile; fileRef = 314E05D31FB582D6000550C7 /* TopImgButton.m */; };
		315EE1071FBD34E800067FC6 /* RNRInput.m in Sources */ = {isa = PBXBuildFile; fileRef = 315EE1061FBD34E800067FC6 /* RNRInput.m */; };
		31699EB71FA87CC100C8FDF8 /* BaseViewController.m in Sources */ = {isa = PBXBuildFile; fileRef = 31699EB61FA87CC100C8FDF8 /* BaseViewController.m */; };
		31699EBA1FA87CE300C8FDF8 /* NavigationController.m in Sources */ = {isa = PBXBuildFile; fileRef = 31699EB91FA87CE300C8FDF8 /* NavigationController.m */; };
		31699EBD1FA87D0900C8FDF8 /* TabBarController.m in Sources */ = {isa = PBXBuildFile; fileRef = 31699EBC1FA87D0900C8FDF8 /* TabBarController.m */; };
		31699EC11FA87E6900C8FDF8 /* LoginViewController.m in Sources */ = {isa = PBXBuildFile; fileRef = 31699EC01FA87E6900C8FDF8 /* LoginViewController.m */; };
		31699EC41FA87E8400C8FDF8 /* RegisterViewController.m in Sources */ = {isa = PBXBuildFile; fileRef = 31699EC31FA87E8400C8FDF8 /* RegisterViewController.m */; };
		316B6CE61FB94A35008A6094 /* WifiViewController.m in Sources */ = {isa = PBXBuildFile; fileRef = 316B6CE51FB94A35008A6094 /* WifiViewController.m */; };
		316B6CEC1FB97F6A008A6094 /* CarBindingViewController.m in Sources */ = {isa = PBXBuildFile; fileRef = 316B6CEB1FB97F6A008A6094 /* CarBindingViewController.m */; };
		316B6CF31FB99BA7008A6094 /* CarSeriesViewController.m in Sources */ = {isa = PBXBuildFile; fileRef = 316B6CF21FB99BA7008A6094 /* CarSeriesViewController.m */; };
		316B6CF61FB99F4A008A6094 /* RNRViewController.m in Sources */ = {isa = PBXBuildFile; fileRef = 316B6CF51FB99F4A008A6094 /* RNRViewController.m */; };
		316B6CF91FB9A56A008A6094 /* RNRPhotoViewController.m in Sources */ = {isa = PBXBuildFile; fileRef = 316B6CF81FB9A56A008A6094 /* RNRPhotoViewController.m */; };
		316CA4601F9F3475009F541E /* AppDelegate.m in Sources */ = {isa = PBXBuildFile; fileRef = 316CA45F1F9F3475009F541E /* AppDelegate.m */; };
		316CA4681F9F3475009F541E /* Assets.xcassets in Resources */ = {isa = PBXBuildFile; fileRef = 316CA4671F9F3475009F541E /* Assets.xcassets */; };
		316CA46B1F9F3475009F541E /* LaunchScreen.storyboard in Resources */ = {isa = PBXBuildFile; fileRef = 316CA4691F9F3475009F541E /* LaunchScreen.storyboard */; };
		316CA46E1F9F3475009F541E /* main.m in Sources */ = {isa = PBXBuildFile; fileRef = 316CA46D1F9F3475009F541E /* main.m */; };
		316CA4781F9F3475009F541E /* dsspUITests.m in Sources */ = {isa = PBXBuildFile; fileRef = 316CA4771F9F3475009F541E /* dsspUITests.m */; };
		316CCCB41FC57CCC00AFF915 /* LeftImgButton.m in Sources */ = {isa = PBXBuildFile; fileRef = 316CCCB31FC57CCC00AFF915 /* LeftImgButton.m */; };
		316CCCBD1FC66E6800AFF915 /* MapSearchCell.m in Sources */ = {isa = PBXBuildFile; fileRef = 316CCCBC1FC66E6800AFF915 /* MapSearchCell.m */; };
		316CCCC01FC68C6000AFF915 /* DiscoverViewController.m in Sources */ = {isa = PBXBuildFile; fileRef = 316CCCBF1FC68C6000AFF915 /* DiscoverViewController.m */; };
		318148081FD6964300F00A4D /* WBAFNetworkingLogger.m in Sources */ = {isa = PBXBuildFile; fileRef = 318148071FD6964300F00A4D /* WBAFNetworkingLogger.m */; };
		31C176F21FD5444A006E4AEA /* FSPageControl.swift in Sources */ = {isa = PBXBuildFile; fileRef = 31C176EB1FD5444A006E4AEA /* FSPageControl.swift */; };
		31C176F31FD5444A006E4AEA /* FSPagerCollectionView.swift in Sources */ = {isa = PBXBuildFile; fileRef = 31C176EC1FD5444A006E4AEA /* FSPagerCollectionView.swift */; };
		31C176F41FD5444A006E4AEA /* FSPagerView.swift in Sources */ = {isa = PBXBuildFile; fileRef = 31C176ED1FD5444A006E4AEA /* FSPagerView.swift */; };
		31C176F51FD5444A006E4AEA /* FSPagerViewCell.swift in Sources */ = {isa = PBXBuildFile; fileRef = 31C176EE1FD5444A006E4AEA /* FSPagerViewCell.swift */; };
		31C176F61FD5444A006E4AEA /* FSPagerViewLayoutAttributes.swift in Sources */ = {isa = PBXBuildFile; fileRef = 31C176EF1FD5444A006E4AEA /* FSPagerViewLayoutAttributes.swift */; };
		31C176F71FD5444A006E4AEA /* FSPageViewLayout.swift in Sources */ = {isa = PBXBuildFile; fileRef = 31C176F01FD5444A006E4AEA /* FSPageViewLayout.swift */; };
		31C176F81FD5444A006E4AEA /* FSPageViewTransformer.swift in Sources */ = {isa = PBXBuildFile; fileRef = 31C176F11FD5444A006E4AEA /* FSPageViewTransformer.swift */; };
		31CFB26D1FC2733C00130C52 /* CarBindingInput.m in Sources */ = {isa = PBXBuildFile; fileRef = 31CFB26C1FC2733C00130C52 /* CarBindingInput.m */; };
		31DDD2511FBABA0000D37DED /* LoveCarViewController.m in Sources */ = {isa = PBXBuildFile; fileRef = 31DDD2501FBABA0000D37DED /* LoveCarViewController.m */; };
		31DDD2561FBABB7900D37DED /* NSArray+Sudoku.m in Sources */ = {isa = PBXBuildFile; fileRef = 31DDD2551FBABB7900D37DED /* NSArray+Sudoku.m */; };
		31E4E6181FB9295D00BF954E /* HomeTopView.m in Sources */ = {isa = PBXBuildFile; fileRef = 31E4E6171FB9295D00BF954E /* HomeTopView.m */; };
		450C7A281FDE3FA700E4652F /* ForecastModel.m in Sources */ = {isa = PBXBuildFile; fileRef = 450C7A271FDE3FA700E4652F /* ForecastModel.m */; };
		451F5F411FBD6D3400DFD3F5 /* CarInfoModel.m in Sources */ = {isa = PBXBuildFile; fileRef = 451F5F401FBD6D3400DFD3F5 /* CarInfoModel.m */; };
		455036091FE246FC0088DAE0 /* ContractCell.m in Sources */ = {isa = PBXBuildFile; fileRef = 455036081FE246FC0088DAE0 /* ContractCell.m */; };
		4550360C1FE255AA0088DAE0 /* CarUnbindViewController.m in Sources */ = {isa = PBXBuildFile; fileRef = 4550360B1FE255AA0088DAE0 /* CarUnbindViewController.m */; };
		4592B39F1FDE1C07000ADCA0 /* WeatherModel.m in Sources */ = {isa = PBXBuildFile; fileRef = 4592B39E1FDE1C07000ADCA0 /* WeatherModel.m */; };
		459679871FDF700A008A0C67 /* RealVinViewcontroller.m in Sources */ = {isa = PBXBuildFile; fileRef = 459679861FDF700A008A0C67 /* RealVinViewcontroller.m */; };
		4596798B1FDFDA9C008A0C67 /* FindlistModel.m in Sources */ = {isa = PBXBuildFile; fileRef = 4596798A1FDFDA9C008A0C67 /* FindlistModel.m */; };
		4596798E1FDFDCCD008A0C67 /* FindByAllModel.m in Sources */ = {isa = PBXBuildFile; fileRef = 4596798D1FDFDCCD008A0C67 /* FindByAllModel.m */; };
		459679911FE0B7DE008A0C67 /* ForgotViewController.m in Sources */ = {isa = PBXBuildFile; fileRef = 459679901FE0B7DE008A0C67 /* ForgotViewController.m */; };
		459679961FE0CAA4008A0C67 /* NewPasswordViewController.m in Sources */ = {isa = PBXBuildFile; fileRef = 459679951FE0CAA4008A0C67 /* NewPasswordViewController.m */; };
		459679991FE13328008A0C67 /* ContractViewController.m in Sources */ = {isa = PBXBuildFile; fileRef = 459679981FE13328008A0C67 /* ContractViewController.m */; };
		4596799C1FE1417C008A0C67 /* ContractdetailViewController.m in Sources */ = {isa = PBXBuildFile; fileRef = 4596799B1FE1417C008A0C67 /* ContractdetailViewController.m */; };
		459F22541FBBCD7D00BA13CB /* CarInfoViewController.m in Sources */ = {isa = PBXBuildFile; fileRef = 459F22531FBBCD7D00BA13CB /* CarInfoViewController.m */; };
		459F22591FBC118300BA13CB /* MineCell.m in Sources */ = {isa = PBXBuildFile; fileRef = 459F22581FBC118300BA13CB /* MineCell.m */; };
		45A145C51FD7E239002C0A78 /* VhlModel.m in Sources */ = {isa = PBXBuildFile; fileRef = 45A145C41FD7E239002C0A78 /* VhlModel.m */; };
		45A145C81FD8D61B002C0A78 /* ContractModel.m in Sources */ = {isa = PBXBuildFile; fileRef = 45A145C71FD8D61B002C0A78 /* ContractModel.m */; };
		45A145CB1FD8DC69002C0A78 /* ContractDetailed.m in Sources */ = {isa = PBXBuildFile; fileRef = 45A145CA1FD8DC69002C0A78 /* ContractDetailed.m */; };
		8A54DFC8AEDFFF8510DD234A /* libPods-dssp.a in Frameworks */ = {isa = PBXBuildFile; fileRef = E308A48E870A88C38635BC22 /* libPods-dssp.a */; };
		DAF044A6FBC1E984C6DCFEAA /* libPods-dsspUITests.a in Frameworks */ = {isa = PBXBuildFile; fileRef = A1D79D067F979E7A32A8F2ED /* libPods-dsspUITests.a */; };
/* End PBXBuildFile section */

/* Begin PBXContainerItemProxy section */
		316CA4741F9F3475009F541E /* PBXContainerItemProxy */ = {
			isa = PBXContainerItemProxy;
			containerPortal = 316CA4531F9F3475009F541E /* Project object */;
			proxyType = 1;
			remoteGlobalIDString = 316CA45A1F9F3475009F541E;
			remoteInfo = dssp;
		};
/* End PBXContainerItemProxy section */

/* Begin PBXFileReference section */
		10BBD8E837E05F1B4B40ABF6 /* Pods-dsspUITests.release.xcconfig */ = {isa = PBXFileReference; includeInIndex = 1; lastKnownFileType = text.xcconfig; name = "Pods-dsspUITests.release.xcconfig"; path = "Pods/Target Support Files/Pods-dsspUITests/Pods-dsspUITests.release.xcconfig"; sourceTree = "<group>"; };
		1E574CBB6F9BF8B9B4FB775F /* Pods-dsspUITests.debug.xcconfig */ = {isa = PBXFileReference; includeInIndex = 1; lastKnownFileType = text.xcconfig; name = "Pods-dsspUITests.debug.xcconfig"; path = "Pods/Target Support Files/Pods-dsspUITests/Pods-dsspUITests.debug.xcconfig"; sourceTree = "<group>"; };
		310A07CE1FA95B6D00DC9529 /* LoginResult.h */ = {isa = PBXFileReference; lastKnownFileType = sourcecode.c.h; path = LoginResult.h; sourceTree = "<group>"; };
		310A07CF1FA95B6D00DC9529 /* LoginResult.m */ = {isa = PBXFileReference; lastKnownFileType = sourcecode.c.objc; path = LoginResult.m; sourceTree = "<group>"; };
		310A07D21FA96AD500DC9529 /* HomeViewController.h */ = {isa = PBXFileReference; lastKnownFileType = sourcecode.c.h; path = HomeViewController.h; sourceTree = "<group>"; };
		310A07D31FA96AD500DC9529 /* HomeViewController.m */ = {isa = PBXFileReference; lastKnownFileType = sourcecode.c.objc; path = HomeViewController.m; sourceTree = "<group>"; };
		310A07D81FA96BDB00DC9529 /* MapViewController.h */ = {isa = PBXFileReference; lastKnownFileType = sourcecode.c.h; path = MapViewController.h; sourceTree = "<group>"; };
		310A07D91FA96BDB00DC9529 /* MapViewController.m */ = {isa = PBXFileReference; lastKnownFileType = sourcecode.c.objc; path = MapViewController.m; sourceTree = "<group>"; };
		310A07DE1FA96BF800DC9529 /* MineViewController.h */ = {isa = PBXFileReference; lastKnownFileType = sourcecode.c.h; path = MineViewController.h; sourceTree = "<group>"; };
		310A07DF1FA96BF800DC9529 /* MineViewController.m */ = {isa = PBXFileReference; lastKnownFileType = sourcecode.c.objc; path = MineViewController.m; sourceTree = "<group>"; };
		310C75071FC7B5C300B3A7D0 /* MapSearchHistory.h */ = {isa = PBXFileReference; lastKnownFileType = sourcecode.c.h; path = MapSearchHistory.h; sourceTree = "<group>"; };
		310C75081FC7B5C300B3A7D0 /* MapSearchHistory.m */ = {isa = PBXFileReference; lastKnownFileType = sourcecode.c.objc; path = MapSearchHistory.m; sourceTree = "<group>"; };
		3118E4851FDA37D300F9E11A /* dssp.entitlements */ = {isa = PBXFileReference; lastKnownFileType = text.plist.entitlements; path = dssp.entitlements; sourceTree = "<group>"; };
		313070C41FBA888000A0DE71 /* UIImagePickerController+StatusBar.h */ = {isa = PBXFileReference; lastKnownFileType = sourcecode.c.h; path = "UIImagePickerController+StatusBar.h"; sourceTree = "<group>"; };
		313070C51FBA888000A0DE71 /* UIImagePickerController+StatusBar.m */ = {isa = PBXFileReference; lastKnownFileType = sourcecode.c.objc; path = "UIImagePickerController+StatusBar.m"; sourceTree = "<group>"; };
		313070CA1FBA89C500A0DE71 /* en */ = {isa = PBXFileReference; lastKnownFileType = text.plist.strings; name = en; path = en.lproj/Localizable.strings; sourceTree = "<group>"; };
		313070CC1FBA89EC00A0DE71 /* zh-Hans */ = {isa = PBXFileReference; lastKnownFileType = text.plist.strings; name = "zh-Hans"; path = "zh-Hans.lproj/Localizable.strings"; sourceTree = "<group>"; };
		313070CD1FBA924000A0DE71 /* RNRFinishedViewController.h */ = {isa = PBXFileReference; lastKnownFileType = sourcecode.c.h; path = RNRFinishedViewController.h; sourceTree = "<group>"; };
		313070CE1FBA924000A0DE71 /* RNRFinishedViewController.m */ = {isa = PBXFileReference; lastKnownFileType = sourcecode.c.objc; path = RNRFinishedViewController.m; sourceTree = "<group>"; };
		313070D01FBA9BD900A0DE71 /* VINBindingViewController.h */ = {isa = PBXFileReference; lastKnownFileType = sourcecode.c.h; path = VINBindingViewController.h; sourceTree = "<group>"; };
		313070D11FBA9BD900A0DE71 /* VINBindingViewController.m */ = {isa = PBXFileReference; lastKnownFileType = sourcecode.c.objc; path = VINBindingViewController.m; sourceTree = "<group>"; };
		313AC7DD1FAC5ABD00A3662E /* LocationAnnotationView.h */ = {isa = PBXFileReference; lastKnownFileType = sourcecode.c.h; path = LocationAnnotationView.h; sourceTree = "<group>"; };
		313AC7DE1FAC5ABD00A3662E /* LocationAnnotationView.m */ = {isa = PBXFileReference; lastKnownFileType = sourcecode.c.objc; path = LocationAnnotationView.m; sourceTree = "<group>"; };
		314B98601FD7F24C00ABB638 /* POI.h */ = {isa = PBXFileReference; lastKnownFileType = sourcecode.c.h; path = POI.h; sourceTree = "<group>"; };
		314B98611FD7F24C00ABB638 /* POI.m */ = {isa = PBXFileReference; lastKnownFileType = sourcecode.c.objc; path = POI.m; sourceTree = "<group>"; };
		314E05D21FB582D6000550C7 /* TopImgButton.h */ = {isa = PBXFileReference; lastKnownFileType = sourcecode.c.h; path = TopImgButton.h; sourceTree = "<group>"; };
		314E05D31FB582D6000550C7 /* TopImgButton.m */ = {isa = PBXFileReference; lastKnownFileType = sourcecode.c.objc; path = TopImgButton.m; sourceTree = "<group>"; };
		315EE1051FBD34E800067FC6 /* RNRInput.h */ = {isa = PBXFileReference; lastKnownFileType = sourcecode.c.h; path = RNRInput.h; sourceTree = "<group>"; };
		315EE1061FBD34E800067FC6 /* RNRInput.m */ = {isa = PBXFileReference; lastKnownFileType = sourcecode.c.objc; path = RNRInput.m; sourceTree = "<group>"; };
		31699EB51FA87CC100C8FDF8 /* BaseViewController.h */ = {isa = PBXFileReference; lastKnownFileType = sourcecode.c.h; path = BaseViewController.h; sourceTree = "<group>"; };
		31699EB61FA87CC100C8FDF8 /* BaseViewController.m */ = {isa = PBXFileReference; lastKnownFileType = sourcecode.c.objc; path = BaseViewController.m; sourceTree = "<group>"; };
		31699EB81FA87CE300C8FDF8 /* NavigationController.h */ = {isa = PBXFileReference; lastKnownFileType = sourcecode.c.h; path = NavigationController.h; sourceTree = "<group>"; };
		31699EB91FA87CE300C8FDF8 /* NavigationController.m */ = {isa = PBXFileReference; lastKnownFileType = sourcecode.c.objc; path = NavigationController.m; sourceTree = "<group>"; };
		31699EBB1FA87D0900C8FDF8 /* TabBarController.h */ = {isa = PBXFileReference; lastKnownFileType = sourcecode.c.h; path = TabBarController.h; sourceTree = "<group>"; };
		31699EBC1FA87D0900C8FDF8 /* TabBarController.m */ = {isa = PBXFileReference; lastKnownFileType = sourcecode.c.objc; path = TabBarController.m; sourceTree = "<group>"; };
		31699EBF1FA87E6900C8FDF8 /* LoginViewController.h */ = {isa = PBXFileReference; lastKnownFileType = sourcecode.c.h; path = LoginViewController.h; sourceTree = "<group>"; };
		31699EC01FA87E6900C8FDF8 /* LoginViewController.m */ = {isa = PBXFileReference; lastKnownFileType = sourcecode.c.objc; path = LoginViewController.m; sourceTree = "<group>"; };
		31699EC21FA87E8400C8FDF8 /* RegisterViewController.h */ = {isa = PBXFileReference; lastKnownFileType = sourcecode.c.h; path = RegisterViewController.h; sourceTree = "<group>"; };
		31699EC31FA87E8400C8FDF8 /* RegisterViewController.m */ = {isa = PBXFileReference; lastKnownFileType = sourcecode.c.objc; path = RegisterViewController.m; sourceTree = "<group>"; };
		31699EC51FA87F8100C8FDF8 /* PrefixHeader.pch */ = {isa = PBXFileReference; lastKnownFileType = sourcecode.c.h; path = PrefixHeader.pch; sourceTree = "<group>"; };
		316B6CE41FB94A35008A6094 /* WifiViewController.h */ = {isa = PBXFileReference; lastKnownFileType = sourcecode.c.h; path = WifiViewController.h; sourceTree = "<group>"; };
		316B6CE51FB94A35008A6094 /* WifiViewController.m */ = {isa = PBXFileReference; lastKnownFileType = sourcecode.c.objc; path = WifiViewController.m; sourceTree = "<group>"; };
		316B6CEA1FB97F6A008A6094 /* CarBindingViewController.h */ = {isa = PBXFileReference; lastKnownFileType = sourcecode.c.h; path = CarBindingViewController.h; sourceTree = "<group>"; };
		316B6CEB1FB97F6A008A6094 /* CarBindingViewController.m */ = {isa = PBXFileReference; lastKnownFileType = sourcecode.c.objc; path = CarBindingViewController.m; sourceTree = "<group>"; };
		316B6CF11FB99BA7008A6094 /* CarSeriesViewController.h */ = {isa = PBXFileReference; lastKnownFileType = sourcecode.c.h; path = CarSeriesViewController.h; sourceTree = "<group>"; };
		316B6CF21FB99BA7008A6094 /* CarSeriesViewController.m */ = {isa = PBXFileReference; lastKnownFileType = sourcecode.c.objc; path = CarSeriesViewController.m; sourceTree = "<group>"; };
		316B6CF41FB99F4A008A6094 /* RNRViewController.h */ = {isa = PBXFileReference; lastKnownFileType = sourcecode.c.h; path = RNRViewController.h; sourceTree = "<group>"; };
		316B6CF51FB99F4A008A6094 /* RNRViewController.m */ = {isa = PBXFileReference; lastKnownFileType = sourcecode.c.objc; path = RNRViewController.m; sourceTree = "<group>"; };
		316B6CF71FB9A56A008A6094 /* RNRPhotoViewController.h */ = {isa = PBXFileReference; lastKnownFileType = sourcecode.c.h; path = RNRPhotoViewController.h; sourceTree = "<group>"; };
		316B6CF81FB9A56A008A6094 /* RNRPhotoViewController.m */ = {isa = PBXFileReference; lastKnownFileType = sourcecode.c.objc; path = RNRPhotoViewController.m; sourceTree = "<group>"; };
		316CA45B1F9F3475009F541E /* dssp.app */ = {isa = PBXFileReference; explicitFileType = wrapper.application; includeInIndex = 0; path = dssp.app; sourceTree = BUILT_PRODUCTS_DIR; };
		316CA45E1F9F3475009F541E /* AppDelegate.h */ = {isa = PBXFileReference; lastKnownFileType = sourcecode.c.h; path = AppDelegate.h; sourceTree = "<group>"; };
		316CA45F1F9F3475009F541E /* AppDelegate.m */ = {isa = PBXFileReference; lastKnownFileType = sourcecode.c.objc; path = AppDelegate.m; sourceTree = "<group>"; };
		316CA4671F9F3475009F541E /* Assets.xcassets */ = {isa = PBXFileReference; lastKnownFileType = folder.assetcatalog; path = Assets.xcassets; sourceTree = "<group>"; };
		316CA46A1F9F3475009F541E /* Base */ = {isa = PBXFileReference; lastKnownFileType = file.storyboard; name = Base; path = Base.lproj/LaunchScreen.storyboard; sourceTree = "<group>"; };
		316CA46C1F9F3475009F541E /* Info.plist */ = {isa = PBXFileReference; lastKnownFileType = text.plist.xml; path = Info.plist; sourceTree = "<group>"; };
		316CA46D1F9F3475009F541E /* main.m */ = {isa = PBXFileReference; lastKnownFileType = sourcecode.c.objc; path = main.m; sourceTree = "<group>"; };
		316CA4731F9F3475009F541E /* dsspUITests.xctest */ = {isa = PBXFileReference; explicitFileType = wrapper.cfbundle; includeInIndex = 0; path = dsspUITests.xctest; sourceTree = BUILT_PRODUCTS_DIR; };
		316CA4771F9F3475009F541E /* dsspUITests.m */ = {isa = PBXFileReference; lastKnownFileType = sourcecode.c.objc; path = dsspUITests.m; sourceTree = "<group>"; };
		316CA4791F9F3475009F541E /* Info.plist */ = {isa = PBXFileReference; lastKnownFileType = text.plist.xml; path = Info.plist; sourceTree = "<group>"; };
		316CCCB21FC57CCC00AFF915 /* LeftImgButton.h */ = {isa = PBXFileReference; lastKnownFileType = sourcecode.c.h; path = LeftImgButton.h; sourceTree = "<group>"; };
		316CCCB31FC57CCC00AFF915 /* LeftImgButton.m */ = {isa = PBXFileReference; lastKnownFileType = sourcecode.c.objc; path = LeftImgButton.m; sourceTree = "<group>"; };
		316CCCBB1FC66E6800AFF915 /* MapSearchCell.h */ = {isa = PBXFileReference; lastKnownFileType = sourcecode.c.h; path = MapSearchCell.h; sourceTree = "<group>"; };
		316CCCBC1FC66E6800AFF915 /* MapSearchCell.m */ = {isa = PBXFileReference; lastKnownFileType = sourcecode.c.objc; path = MapSearchCell.m; sourceTree = "<group>"; };
		316CCCBE1FC68C6000AFF915 /* DiscoverViewController.h */ = {isa = PBXFileReference; lastKnownFileType = sourcecode.c.h; path = DiscoverViewController.h; sourceTree = "<group>"; };
		316CCCBF1FC68C6000AFF915 /* DiscoverViewController.m */ = {isa = PBXFileReference; lastKnownFileType = sourcecode.c.objc; path = DiscoverViewController.m; sourceTree = "<group>"; };
		318148061FD6964300F00A4D /* WBAFNetworkingLogger.h */ = {isa = PBXFileReference; fileEncoding = 4; lastKnownFileType = sourcecode.c.h; path = WBAFNetworkingLogger.h; sourceTree = "<group>"; };
		318148071FD6964300F00A4D /* WBAFNetworkingLogger.m */ = {isa = PBXFileReference; fileEncoding = 4; lastKnownFileType = sourcecode.c.objc; path = WBAFNetworkingLogger.m; sourceTree = "<group>"; };
		31C176EB1FD5444A006E4AEA /* FSPageControl.swift */ = {isa = PBXFileReference; fileEncoding = 4; lastKnownFileType = sourcecode.swift; path = FSPageControl.swift; sourceTree = "<group>"; };
		31C176EC1FD5444A006E4AEA /* FSPagerCollectionView.swift */ = {isa = PBXFileReference; fileEncoding = 4; lastKnownFileType = sourcecode.swift; path = FSPagerCollectionView.swift; sourceTree = "<group>"; };
		31C176ED1FD5444A006E4AEA /* FSPagerView.swift */ = {isa = PBXFileReference; fileEncoding = 4; lastKnownFileType = sourcecode.swift; path = FSPagerView.swift; sourceTree = "<group>"; };
		31C176EE1FD5444A006E4AEA /* FSPagerViewCell.swift */ = {isa = PBXFileReference; fileEncoding = 4; lastKnownFileType = sourcecode.swift; path = FSPagerViewCell.swift; sourceTree = "<group>"; };
		31C176EF1FD5444A006E4AEA /* FSPagerViewLayoutAttributes.swift */ = {isa = PBXFileReference; fileEncoding = 4; lastKnownFileType = sourcecode.swift; path = FSPagerViewLayoutAttributes.swift; sourceTree = "<group>"; };
		31C176F01FD5444A006E4AEA /* FSPageViewLayout.swift */ = {isa = PBXFileReference; fileEncoding = 4; lastKnownFileType = sourcecode.swift; path = FSPageViewLayout.swift; sourceTree = "<group>"; };
		31C176F11FD5444A006E4AEA /* FSPageViewTransformer.swift */ = {isa = PBXFileReference; fileEncoding = 4; lastKnownFileType = sourcecode.swift; path = FSPageViewTransformer.swift; sourceTree = "<group>"; };
		31CFB26B1FC2733C00130C52 /* CarBindingInput.h */ = {isa = PBXFileReference; lastKnownFileType = sourcecode.c.h; path = CarBindingInput.h; sourceTree = "<group>"; };
		31CFB26C1FC2733C00130C52 /* CarBindingInput.m */ = {isa = PBXFileReference; lastKnownFileType = sourcecode.c.objc; path = CarBindingInput.m; sourceTree = "<group>"; };
		31DDD24F1FBABA0000D37DED /* LoveCarViewController.h */ = {isa = PBXFileReference; lastKnownFileType = sourcecode.c.h; path = LoveCarViewController.h; sourceTree = "<group>"; };
		31DDD2501FBABA0000D37DED /* LoveCarViewController.m */ = {isa = PBXFileReference; lastKnownFileType = sourcecode.c.objc; path = LoveCarViewController.m; sourceTree = "<group>"; };
		31DDD2541FBABB7900D37DED /* NSArray+Sudoku.h */ = {isa = PBXFileReference; lastKnownFileType = sourcecode.c.h; path = "NSArray+Sudoku.h"; sourceTree = "<group>"; };
		31DDD2551FBABB7900D37DED /* NSArray+Sudoku.m */ = {isa = PBXFileReference; lastKnownFileType = sourcecode.c.objc; path = "NSArray+Sudoku.m"; sourceTree = "<group>"; };
		31E4E6161FB9295D00BF954E /* HomeTopView.h */ = {isa = PBXFileReference; lastKnownFileType = sourcecode.c.h; path = HomeTopView.h; sourceTree = "<group>"; };
		31E4E6171FB9295D00BF954E /* HomeTopView.m */ = {isa = PBXFileReference; lastKnownFileType = sourcecode.c.objc; path = HomeTopView.m; sourceTree = "<group>"; };
		450C7A261FDE3FA700E4652F /* ForecastModel.h */ = {isa = PBXFileReference; lastKnownFileType = sourcecode.c.h; path = ForecastModel.h; sourceTree = "<group>"; };
		450C7A271FDE3FA700E4652F /* ForecastModel.m */ = {isa = PBXFileReference; lastKnownFileType = sourcecode.c.objc; path = ForecastModel.m; sourceTree = "<group>"; };
		451F5F3F1FBD6D3400DFD3F5 /* CarInfoModel.h */ = {isa = PBXFileReference; fileEncoding = 4; lastKnownFileType = sourcecode.c.h; path = CarInfoModel.h; sourceTree = "<group>"; };
		451F5F401FBD6D3400DFD3F5 /* CarInfoModel.m */ = {isa = PBXFileReference; fileEncoding = 4; lastKnownFileType = sourcecode.c.objc; path = CarInfoModel.m; sourceTree = "<group>"; };
		455036071FE246FC0088DAE0 /* ContractCell.h */ = {isa = PBXFileReference; lastKnownFileType = sourcecode.c.h; path = ContractCell.h; sourceTree = "<group>"; };
		455036081FE246FC0088DAE0 /* ContractCell.m */ = {isa = PBXFileReference; lastKnownFileType = sourcecode.c.objc; path = ContractCell.m; sourceTree = "<group>"; };
		4550360A1FE255AA0088DAE0 /* CarUnbindViewController.h */ = {isa = PBXFileReference; lastKnownFileType = sourcecode.c.h; path = CarUnbindViewController.h; sourceTree = "<group>"; };
		4550360B1FE255AA0088DAE0 /* CarUnbindViewController.m */ = {isa = PBXFileReference; lastKnownFileType = sourcecode.c.objc; path = CarUnbindViewController.m; sourceTree = "<group>"; };
		4592B39D1FDE1C07000ADCA0 /* WeatherModel.h */ = {isa = PBXFileReference; lastKnownFileType = sourcecode.c.h; path = WeatherModel.h; sourceTree = "<group>"; };
		4592B39E1FDE1C07000ADCA0 /* WeatherModel.m */ = {isa = PBXFileReference; lastKnownFileType = sourcecode.c.objc; path = WeatherModel.m; sourceTree = "<group>"; };
		459679851FDF700A008A0C67 /* RealVinViewcontroller.h */ = {isa = PBXFileReference; lastKnownFileType = sourcecode.c.h; path = RealVinViewcontroller.h; sourceTree = "<group>"; };
		459679861FDF700A008A0C67 /* RealVinViewcontroller.m */ = {isa = PBXFileReference; lastKnownFileType = sourcecode.c.objc; path = RealVinViewcontroller.m; sourceTree = "<group>"; };
		459679891FDFDA9C008A0C67 /* FindlistModel.h */ = {isa = PBXFileReference; lastKnownFileType = sourcecode.c.h; path = FindlistModel.h; sourceTree = "<group>"; };
		4596798A1FDFDA9C008A0C67 /* FindlistModel.m */ = {isa = PBXFileReference; lastKnownFileType = sourcecode.c.objc; path = FindlistModel.m; sourceTree = "<group>"; };
		4596798C1FDFDCCD008A0C67 /* FindByAllModel.h */ = {isa = PBXFileReference; lastKnownFileType = sourcecode.c.h; path = FindByAllModel.h; sourceTree = "<group>"; };
		4596798D1FDFDCCD008A0C67 /* FindByAllModel.m */ = {isa = PBXFileReference; lastKnownFileType = sourcecode.c.objc; path = FindByAllModel.m; sourceTree = "<group>"; };
		4596798F1FE0B7DE008A0C67 /* ForgotViewController.h */ = {isa = PBXFileReference; lastKnownFileType = sourcecode.c.h; path = ForgotViewController.h; sourceTree = "<group>"; };
		459679901FE0B7DE008A0C67 /* ForgotViewController.m */ = {isa = PBXFileReference; lastKnownFileType = sourcecode.c.objc; path = ForgotViewController.m; sourceTree = "<group>"; };
		459679941FE0CAA4008A0C67 /* NewPasswordViewController.h */ = {isa = PBXFileReference; lastKnownFileType = sourcecode.c.h; path = NewPasswordViewController.h; sourceTree = "<group>"; };
		459679951FE0CAA4008A0C67 /* NewPasswordViewController.m */ = {isa = PBXFileReference; lastKnownFileType = sourcecode.c.objc; path = NewPasswordViewController.m; sourceTree = "<group>"; };
		459679971FE13328008A0C67 /* ContractViewController.h */ = {isa = PBXFileReference; lastKnownFileType = sourcecode.c.h; path = ContractViewController.h; sourceTree = "<group>"; };
		459679981FE13328008A0C67 /* ContractViewController.m */ = {isa = PBXFileReference; lastKnownFileType = sourcecode.c.objc; path = ContractViewController.m; sourceTree = "<group>"; };
		4596799A1FE1417C008A0C67 /* ContractdetailViewController.h */ = {isa = PBXFileReference; lastKnownFileType = sourcecode.c.h; path = ContractdetailViewController.h; sourceTree = "<group>"; };
		4596799B1FE1417C008A0C67 /* ContractdetailViewController.m */ = {isa = PBXFileReference; lastKnownFileType = sourcecode.c.objc; path = ContractdetailViewController.m; sourceTree = "<group>"; };
		459F22521FBBCD7D00BA13CB /* CarInfoViewController.h */ = {isa = PBXFileReference; lastKnownFileType = sourcecode.c.h; path = CarInfoViewController.h; sourceTree = "<group>"; };
		459F22531FBBCD7D00BA13CB /* CarInfoViewController.m */ = {isa = PBXFileReference; lastKnownFileType = sourcecode.c.objc; path = CarInfoViewController.m; sourceTree = "<group>"; };
		459F22571FBC118300BA13CB /* MineCell.h */ = {isa = PBXFileReference; lastKnownFileType = sourcecode.c.h; path = MineCell.h; sourceTree = "<group>"; };
		459F22581FBC118300BA13CB /* MineCell.m */ = {isa = PBXFileReference; lastKnownFileType = sourcecode.c.objc; path = MineCell.m; sourceTree = "<group>"; };
		45A145C31FD7E239002C0A78 /* VhlModel.h */ = {isa = PBXFileReference; fileEncoding = 4; lastKnownFileType = sourcecode.c.h; path = VhlModel.h; sourceTree = "<group>"; };
		45A145C41FD7E239002C0A78 /* VhlModel.m */ = {isa = PBXFileReference; fileEncoding = 4; lastKnownFileType = sourcecode.c.objc; path = VhlModel.m; sourceTree = "<group>"; };
		45A145C61FD8D61B002C0A78 /* ContractModel.h */ = {isa = PBXFileReference; lastKnownFileType = sourcecode.c.h; path = ContractModel.h; sourceTree = "<group>"; };
		45A145C71FD8D61B002C0A78 /* ContractModel.m */ = {isa = PBXFileReference; lastKnownFileType = sourcecode.c.objc; path = ContractModel.m; sourceTree = "<group>"; };
		45A145C91FD8DC69002C0A78 /* ContractDetailed.h */ = {isa = PBXFileReference; lastKnownFileType = sourcecode.c.h; path = ContractDetailed.h; sourceTree = "<group>"; };
		45A145CA1FD8DC69002C0A78 /* ContractDetailed.m */ = {isa = PBXFileReference; lastKnownFileType = sourcecode.c.objc; path = ContractDetailed.m; sourceTree = "<group>"; };
		811888EF83C98D3C045A8588 /* Pods-dssp.release.xcconfig */ = {isa = PBXFileReference; includeInIndex = 1; lastKnownFileType = text.xcconfig; name = "Pods-dssp.release.xcconfig"; path = "Pods/Target Support Files/Pods-dssp/Pods-dssp.release.xcconfig"; sourceTree = "<group>"; };
		A1D79D067F979E7A32A8F2ED /* libPods-dsspUITests.a */ = {isa = PBXFileReference; explicitFileType = archive.ar; includeInIndex = 0; path = "libPods-dsspUITests.a"; sourceTree = BUILT_PRODUCTS_DIR; };
		E308A48E870A88C38635BC22 /* libPods-dssp.a */ = {isa = PBXFileReference; explicitFileType = archive.ar; includeInIndex = 0; path = "libPods-dssp.a"; sourceTree = BUILT_PRODUCTS_DIR; };
		FD90459FB3727141B8AEA1F4 /* Pods-dssp.debug.xcconfig */ = {isa = PBXFileReference; includeInIndex = 1; lastKnownFileType = text.xcconfig; name = "Pods-dssp.debug.xcconfig"; path = "Pods/Target Support Files/Pods-dssp/Pods-dssp.debug.xcconfig"; sourceTree = "<group>"; };
/* End PBXFileReference section */

/* Begin PBXFrameworksBuildPhase section */
		316CA4581F9F3475009F541E /* Frameworks */ = {
			isa = PBXFrameworksBuildPhase;
			buildActionMask = 2147483647;
			files = (
				8A54DFC8AEDFFF8510DD234A /* libPods-dssp.a in Frameworks */,
			);
			runOnlyForDeploymentPostprocessing = 0;
		};
		316CA4701F9F3475009F541E /* Frameworks */ = {
			isa = PBXFrameworksBuildPhase;
			buildActionMask = 2147483647;
			files = (
				DAF044A6FBC1E984C6DCFEAA /* libPods-dsspUITests.a in Frameworks */,
			);
			runOnlyForDeploymentPostprocessing = 0;
		};
/* End PBXFrameworksBuildPhase section */

/* Begin PBXGroup section */
		036B73DB65D5CBC6DAD8E4EF /* Frameworks */ = {
			isa = PBXGroup;
			children = (
				E308A48E870A88C38635BC22 /* libPods-dssp.a */,
				A1D79D067F979E7A32A8F2ED /* libPods-dsspUITests.a */,
			);
			name = Frameworks;
			sourceTree = "<group>";
		};
		310A07CC1FA95A2900DC9529 /* Controller */ = {
			isa = PBXGroup;
			children = (
				31699EBF1FA87E6900C8FDF8 /* LoginViewController.h */,
				31699EC01FA87E6900C8FDF8 /* LoginViewController.m */,
				31699EC21FA87E8400C8FDF8 /* RegisterViewController.h */,
				31699EC31FA87E8400C8FDF8 /* RegisterViewController.m */,
				4596798F1FE0B7DE008A0C67 /* ForgotViewController.h */,
				459679901FE0B7DE008A0C67 /* ForgotViewController.m */,
				459679941FE0CAA4008A0C67 /* NewPasswordViewController.h */,
				459679951FE0CAA4008A0C67 /* NewPasswordViewController.m */,
			);
			path = Controller;
			sourceTree = "<group>";
		};
		310A07CD1FA95A4400DC9529 /* Model */ = {
			isa = PBXGroup;
			children = (
				310A07CE1FA95B6D00DC9529 /* LoginResult.h */,
				310A07CF1FA95B6D00DC9529 /* LoginResult.m */,
			);
			path = Model;
			sourceTree = "<group>";
		};
		310A07D11FA96A9E00DC9529 /* Home */ = {
			isa = PBXGroup;
			children = (
				310C75061FC7B5A500B3A7D0 /* Model */,
				314E05D11FB582B8000550C7 /* Controller */,
				314E05D01FB582AA000550C7 /* View */,
			);
			path = Home;
			sourceTree = "<group>";
		};
		310A07D51FA96B6800DC9529 /* Discover */ = {
			isa = PBXGroup;
			children = (
				459679881FDFD979008A0C67 /* Model */,
				313AC7E01FAC5AC400A3662E /* Controller */,
				313AC7DC1FAC5A9B00A3662E /* View */,
			);
			path = Discover;
			sourceTree = "<group>";
		};
		310A07D71FA96B8D00DC9529 /* Mine */ = {
			isa = PBXGroup;
			children = (
				45A145BB1FCFA4B2002C0A78 /* View */,
				315EE1041FBD34CC00067FC6 /* Model */,
				31EEDDDF1FBBC9FE0012BA92 /* Controller */,
			);
			path = Mine;
			sourceTree = "<group>";
		};
		310C75061FC7B5A500B3A7D0 /* Model */ = {
			isa = PBXGroup;
			children = (
				310C75071FC7B5C300B3A7D0 /* MapSearchHistory.h */,
				310C75081FC7B5C300B3A7D0 /* MapSearchHistory.m */,
				314B98601FD7F24C00ABB638 /* POI.h */,
				314B98611FD7F24C00ABB638 /* POI.m */,
				4592B39D1FDE1C07000ADCA0 /* WeatherModel.h */,
				4592B39E1FDE1C07000ADCA0 /* WeatherModel.m */,
				450C7A261FDE3FA700E4652F /* ForecastModel.h */,
				450C7A271FDE3FA700E4652F /* ForecastModel.m */,
			);
			path = Model;
			sourceTree = "<group>";
		};
		313070C31FBA885300A0DE71 /* Utils */ = {
			isa = PBXGroup;
			children = (
				318148051FD6964300F00A4D /* WBAFNetworkingLogger */,
				31C176EA1FD5444A006E4AEA /* FSPagerView */,
				313070C41FBA888000A0DE71 /* UIImagePickerController+StatusBar.h */,
				313070C51FBA888000A0DE71 /* UIImagePickerController+StatusBar.m */,
				31DDD2541FBABB7900D37DED /* NSArray+Sudoku.h */,
				31DDD2551FBABB7900D37DED /* NSArray+Sudoku.m */,
			);
			path = Utils;
			sourceTree = "<group>";
		};
		313AC7DC1FAC5A9B00A3662E /* View */ = {
			isa = PBXGroup;
			children = (
			);
			path = View;
			sourceTree = "<group>";
		};
		313AC7E01FAC5AC400A3662E /* Controller */ = {
			isa = PBXGroup;
			children = (
				316CCCBE1FC68C6000AFF915 /* DiscoverViewController.h */,
				316CCCBF1FC68C6000AFF915 /* DiscoverViewController.m */,
			);
			path = Controller;
			sourceTree = "<group>";
		};
		314E05D01FB582AA000550C7 /* View */ = {
			isa = PBXGroup;
			children = (
				314E05D21FB582D6000550C7 /* TopImgButton.h */,
				314E05D31FB582D6000550C7 /* TopImgButton.m */,
				316CCCB21FC57CCC00AFF915 /* LeftImgButton.h */,
				316CCCB31FC57CCC00AFF915 /* LeftImgButton.m */,
				31E4E6161FB9295D00BF954E /* HomeTopView.h */,
				31E4E6171FB9295D00BF954E /* HomeTopView.m */,
				313AC7DD1FAC5ABD00A3662E /* LocationAnnotationView.h */,
				313AC7DE1FAC5ABD00A3662E /* LocationAnnotationView.m */,
				316CCCBB1FC66E6800AFF915 /* MapSearchCell.h */,
				316CCCBC1FC66E6800AFF915 /* MapSearchCell.m */,
			);
			path = View;
			sourceTree = "<group>";
		};
		314E05D11FB582B8000550C7 /* Controller */ = {
			isa = PBXGroup;
			children = (
				310A07D21FA96AD500DC9529 /* HomeViewController.h */,
				310A07D31FA96AD500DC9529 /* HomeViewController.m */,
				310A07D81FA96BDB00DC9529 /* MapViewController.h */,
				310A07D91FA96BDB00DC9529 /* MapViewController.m */,
			);
			path = Controller;
			sourceTree = "<group>";
		};
		315EE1041FBD34CC00067FC6 /* Model */ = {
			isa = PBXGroup;
			children = (
				45A145C31FD7E239002C0A78 /* VhlModel.h */,
				45A145C41FD7E239002C0A78 /* VhlModel.m */,
				315EE1051FBD34E800067FC6 /* RNRInput.h */,
				315EE1061FBD34E800067FC6 /* RNRInput.m */,
				451F5F3F1FBD6D3400DFD3F5 /* CarInfoModel.h */,
				451F5F401FBD6D3400DFD3F5 /* CarInfoModel.m */,
				31CFB26B1FC2733C00130C52 /* CarBindingInput.h */,
				31CFB26C1FC2733C00130C52 /* CarBindingInput.m */,
				45A145C61FD8D61B002C0A78 /* ContractModel.h */,
				45A145C71FD8D61B002C0A78 /* ContractModel.m */,
				45A145C91FD8DC69002C0A78 /* ContractDetailed.h */,
				45A145CA1FD8DC69002C0A78 /* ContractDetailed.m */,
			);
			path = Model;
			sourceTree = "<group>";
		};
		31699EB41FA87C7E00C8FDF8 /* BaseClass */ = {
			isa = PBXGroup;
			children = (
				31699EB51FA87CC100C8FDF8 /* BaseViewController.h */,
				31699EB61FA87CC100C8FDF8 /* BaseViewController.m */,
				31699EB81FA87CE300C8FDF8 /* NavigationController.h */,
				31699EB91FA87CE300C8FDF8 /* NavigationController.m */,
				31699EBB1FA87D0900C8FDF8 /* TabBarController.h */,
				31699EBC1FA87D0900C8FDF8 /* TabBarController.m */,
			);
			path = BaseClass;
			sourceTree = "<group>";
		};
		31699EBE1FA87E5100C8FDF8 /* Login */ = {
			isa = PBXGroup;
			children = (
				310A07CD1FA95A4400DC9529 /* Model */,
				310A07CC1FA95A2900DC9529 /* Controller */,
			);
			path = Login;
			sourceTree = "<group>";
		};
		316CA4521F9F3475009F541E = {
			isa = PBXGroup;
			children = (
				316CA45D1F9F3475009F541E /* dssp */,
				316CA4761F9F3475009F541E /* dsspUITests */,
				316CA45C1F9F3475009F541E /* Products */,
				970D93E9BFE3ED1AE5671BF8 /* Pods */,
				036B73DB65D5CBC6DAD8E4EF /* Frameworks */,
			);
			sourceTree = "<group>";
		};
		316CA45C1F9F3475009F541E /* Products */ = {
			isa = PBXGroup;
			children = (
				316CA45B1F9F3475009F541E /* dssp.app */,
				316CA4731F9F3475009F541E /* dsspUITests.xctest */,
			);
			name = Products;
			sourceTree = "<group>";
		};
		316CA45D1F9F3475009F541E /* dssp */ = {
			isa = PBXGroup;
			children = (
				3118E4851FDA37D300F9E11A /* dssp.entitlements */,
				313070C31FBA885300A0DE71 /* Utils */,
				31699EBE1FA87E5100C8FDF8 /* Login */,
				310A07D11FA96A9E00DC9529 /* Home */,
				310A07D51FA96B6800DC9529 /* Discover */,
				31DDD24E1FBAB9C300D37DED /* Car */,
				310A07D71FA96B8D00DC9529 /* Mine */,
				31699EB41FA87C7E00C8FDF8 /* BaseClass */,
				31EEDDDE1FBBC9520012BA92 /* Supporting Files */,
				316CA4671F9F3475009F541E /* Assets.xcassets */,
				316CA4691F9F3475009F541E /* LaunchScreen.storyboard */,
				316CA46C1F9F3475009F541E /* Info.plist */,
			);
			path = dssp;
			sourceTree = "<group>";
		};
		316CA4761F9F3475009F541E /* dsspUITests */ = {
			isa = PBXGroup;
			children = (
				316CA4771F9F3475009F541E /* dsspUITests.m */,
				316CA4791F9F3475009F541E /* Info.plist */,
			);
			path = dsspUITests;
			sourceTree = "<group>";
		};
		318148051FD6964300F00A4D /* WBAFNetworkingLogger */ = {
			isa = PBXGroup;
			children = (
				318148061FD6964300F00A4D /* WBAFNetworkingLogger.h */,
				318148071FD6964300F00A4D /* WBAFNetworkingLogger.m */,
			);
			path = WBAFNetworkingLogger;
			sourceTree = "<group>";
		};
		31C176EA1FD5444A006E4AEA /* FSPagerView */ = {
			isa = PBXGroup;
			children = (
				31C176EB1FD5444A006E4AEA /* FSPageControl.swift */,
				31C176EC1FD5444A006E4AEA /* FSPagerCollectionView.swift */,
				31C176ED1FD5444A006E4AEA /* FSPagerView.swift */,
				31C176EE1FD5444A006E4AEA /* FSPagerViewCell.swift */,
				31C176EF1FD5444A006E4AEA /* FSPagerViewLayoutAttributes.swift */,
				31C176F01FD5444A006E4AEA /* FSPageViewLayout.swift */,
				31C176F11FD5444A006E4AEA /* FSPageViewTransformer.swift */,
			);
			path = FSPagerView;
			sourceTree = "<group>";
		};
		31DDD24E1FBAB9C300D37DED /* Car */ = {
			isa = PBXGroup;
			children = (
				31EEDDE01FBBCA140012BA92 /* Controller */,
			);
			path = Car;
			sourceTree = "<group>";
		};
		31EEDDDE1FBBC9520012BA92 /* Supporting Files */ = {
			isa = PBXGroup;
			children = (
				316CA45E1F9F3475009F541E /* AppDelegate.h */,
				316CA45F1F9F3475009F541E /* AppDelegate.m */,
				316CA46D1F9F3475009F541E /* main.m */,
				313070CB1FBA89C500A0DE71 /* Localizable.strings */,
				31699EC51FA87F8100C8FDF8 /* PrefixHeader.pch */,
			);
			path = "Supporting Files";
			sourceTree = "<group>";
		};
		31EEDDDF1FBBC9FE0012BA92 /* Controller */ = {
			isa = PBXGroup;
			children = (
				310A07DE1FA96BF800DC9529 /* MineViewController.h */,
				310A07DF1FA96BF800DC9529 /* MineViewController.m */,
				313070D01FBA9BD900A0DE71 /* VINBindingViewController.h */,
				313070D11FBA9BD900A0DE71 /* VINBindingViewController.m */,
				316B6CEA1FB97F6A008A6094 /* CarBindingViewController.h */,
				316B6CEB1FB97F6A008A6094 /* CarBindingViewController.m */,
				316B6CF11FB99BA7008A6094 /* CarSeriesViewController.h */,
				316B6CF21FB99BA7008A6094 /* CarSeriesViewController.m */,
				316B6CF41FB99F4A008A6094 /* RNRViewController.h */,
				316B6CF51FB99F4A008A6094 /* RNRViewController.m */,
				316B6CF71FB9A56A008A6094 /* RNRPhotoViewController.h */,
				316B6CF81FB9A56A008A6094 /* RNRPhotoViewController.m */,
				313070CD1FBA924000A0DE71 /* RNRFinishedViewController.h */,
				313070CE1FBA924000A0DE71 /* RNRFinishedViewController.m */,
				459F22521FBBCD7D00BA13CB /* CarInfoViewController.h */,
				459F22531FBBCD7D00BA13CB /* CarInfoViewController.m */,
				459679851FDF700A008A0C67 /* RealVinViewcontroller.h */,
				459679861FDF700A008A0C67 /* RealVinViewcontroller.m */,
				459679971FE13328008A0C67 /* ContractViewController.h */,
				459679981FE13328008A0C67 /* ContractViewController.m */,
				4596799A1FE1417C008A0C67 /* ContractdetailViewController.h */,
				4596799B1FE1417C008A0C67 /* ContractdetailViewController.m */,
				4550360A1FE255AA0088DAE0 /* CarUnbindViewController.h */,
				4550360B1FE255AA0088DAE0 /* CarUnbindViewController.m */,
			);
			path = Controller;
			sourceTree = "<group>";
		};
		31EEDDE01FBBCA140012BA92 /* Controller */ = {
			isa = PBXGroup;
			children = (
				31DDD24F1FBABA0000D37DED /* LoveCarViewController.h */,
				31DDD2501FBABA0000D37DED /* LoveCarViewController.m */,
				316B6CE41FB94A35008A6094 /* WifiViewController.h */,
				316B6CE51FB94A35008A6094 /* WifiViewController.m */,
			);
			path = Controller;
			sourceTree = "<group>";
		};
		459679881FDFD979008A0C67 /* Model */ = {
			isa = PBXGroup;
			children = (
				459679891FDFDA9C008A0C67 /* FindlistModel.h */,
				4596798A1FDFDA9C008A0C67 /* FindlistModel.m */,
				4596798C1FDFDCCD008A0C67 /* FindByAllModel.h */,
				4596798D1FDFDCCD008A0C67 /* FindByAllModel.m */,
			);
			path = Model;
			sourceTree = "<group>";
		};
		45A145BB1FCFA4B2002C0A78 /* View */ = {
			isa = PBXGroup;
			children = (
				459F22571FBC118300BA13CB /* MineCell.h */,
				459F22581FBC118300BA13CB /* MineCell.m */,
				455036071FE246FC0088DAE0 /* ContractCell.h */,
				455036081FE246FC0088DAE0 /* ContractCell.m */,
			);
			path = View;
			sourceTree = "<group>";
		};
		970D93E9BFE3ED1AE5671BF8 /* Pods */ = {
			isa = PBXGroup;
			children = (
				FD90459FB3727141B8AEA1F4 /* Pods-dssp.debug.xcconfig */,
				811888EF83C98D3C045A8588 /* Pods-dssp.release.xcconfig */,
				1E574CBB6F9BF8B9B4FB775F /* Pods-dsspUITests.debug.xcconfig */,
				10BBD8E837E05F1B4B40ABF6 /* Pods-dsspUITests.release.xcconfig */,
			);
			name = Pods;
			sourceTree = "<group>";
		};
/* End PBXGroup section */

/* Begin PBXNativeTarget section */
		316CA45A1F9F3475009F541E /* dssp */ = {
			isa = PBXNativeTarget;
			buildConfigurationList = 316CA47C1F9F3475009F541E /* Build configuration list for PBXNativeTarget "dssp" */;
			buildPhases = (
				24609E57CEA3290368D66A5A /* [CP] Check Pods Manifest.lock */,
				316CA4571F9F3475009F541E /* Sources */,
				316CA4581F9F3475009F541E /* Frameworks */,
				316CA4591F9F3475009F541E /* Resources */,
				68EF9FBDC53D8AC6E25122F8 /* [CP] Embed Pods Frameworks */,
				05C64E39358AA185453321F5 /* [CP] Copy Pods Resources */,
				3181480B1FD7969700F00A4D /* ShellScript */,
			);
			buildRules = (
			);
			dependencies = (
			);
			name = dssp;
			productName = dssp;
			productReference = 316CA45B1F9F3475009F541E /* dssp.app */;
			productType = "com.apple.product-type.application";
		};
		316CA4721F9F3475009F541E /* dsspUITests */ = {
			isa = PBXNativeTarget;
			buildConfigurationList = 316CA47F1F9F3475009F541E /* Build configuration list for PBXNativeTarget "dsspUITests" */;
			buildPhases = (
				62E58E38BCA19D55CE3FA9BB /* [CP] Check Pods Manifest.lock */,
				316CA46F1F9F3475009F541E /* Sources */,
				316CA4701F9F3475009F541E /* Frameworks */,
				316CA4711F9F3475009F541E /* Resources */,
				BE9A31A7EF6F687EBD645E2A /* [CP] Embed Pods Frameworks */,
				B54F11B64DB74B7886C3B051 /* [CP] Copy Pods Resources */,
			);
			buildRules = (
			);
			dependencies = (
				316CA4751F9F3475009F541E /* PBXTargetDependency */,
			);
			name = dsspUITests;
			productName = dsspUITests;
			productReference = 316CA4731F9F3475009F541E /* dsspUITests.xctest */;
			productType = "com.apple.product-type.bundle.ui-testing";
		};
/* End PBXNativeTarget section */

/* Begin PBXProject section */
		316CA4531F9F3475009F541E /* Project object */ = {
			isa = PBXProject;
			attributes = {
				LastUpgradeCheck = 0900;
				ORGANIZATIONNAME = capsa;
				TargetAttributes = {
					316CA45A1F9F3475009F541E = {
						CreatedOnToolsVersion = 9.0.1;
						ProvisioningStyle = Manual;
						SystemCapabilities = {
							com.apple.Push = {
								enabled = 1;
							};
						};
					};
					316CA4721F9F3475009F541E = {
						CreatedOnToolsVersion = 9.0.1;
						ProvisioningStyle = Automatic;
						TestTargetID = 316CA45A1F9F3475009F541E;
					};
				};
			};
			buildConfigurationList = 316CA4561F9F3475009F541E /* Build configuration list for PBXProject "dssp" */;
			compatibilityVersion = "Xcode 8.0";
			developmentRegion = en;
			hasScannedForEncodings = 0;
			knownRegions = (
				en,
				Base,
				"zh-Hans",
			);
			mainGroup = 316CA4521F9F3475009F541E;
			productRefGroup = 316CA45C1F9F3475009F541E /* Products */;
			projectDirPath = "";
			projectRoot = "";
			targets = (
				316CA45A1F9F3475009F541E /* dssp */,
				316CA4721F9F3475009F541E /* dsspUITests */,
			);
		};
/* End PBXProject section */

/* Begin PBXResourcesBuildPhase section */
		316CA4591F9F3475009F541E /* Resources */ = {
			isa = PBXResourcesBuildPhase;
			buildActionMask = 2147483647;
			files = (
				316CA46B1F9F3475009F541E /* LaunchScreen.storyboard in Resources */,
				313070C91FBA89C500A0DE71 /* Localizable.strings in Resources */,
				316CA4681F9F3475009F541E /* Assets.xcassets in Resources */,
			);
			runOnlyForDeploymentPostprocessing = 0;
		};
		316CA4711F9F3475009F541E /* Resources */ = {
			isa = PBXResourcesBuildPhase;
			buildActionMask = 2147483647;
			files = (
			);
			runOnlyForDeploymentPostprocessing = 0;
		};
/* End PBXResourcesBuildPhase section */

/* Begin PBXShellScriptBuildPhase section */
		05C64E39358AA185453321F5 /* [CP] Copy Pods Resources */ = {
			isa = PBXShellScriptBuildPhase;
			buildActionMask = 2147483647;
			files = (
			);
			inputPaths = (
				"${SRCROOT}/Pods/Target Support Files/Pods-dssp/Pods-dssp-resources.sh",
				"${PODS_ROOT}/AMap3DMap/MAMapKit.framework/AMap.bundle",
				$PODS_CONFIGURATION_BUILD_DIR/CUProgressHUD/CUProgressHUD.bundle,
				"${PODS_ROOT}/IQKeyboardManager/IQKeyboardManager/Resources/IQKeyboardManager.bundle",
				"${PODS_ROOT}/MJRefresh/MJRefresh/MJRefresh.bundle",
			);
			name = "[CP] Copy Pods Resources";
			outputPaths = (
				"${TARGET_BUILD_DIR}/${UNLOCALIZED_RESOURCES_FOLDER_PATH}",
			);
			runOnlyForDeploymentPostprocessing = 0;
			shellPath = /bin/sh;
			shellScript = "\"${SRCROOT}/Pods/Target Support Files/Pods-dssp/Pods-dssp-resources.sh\"\n";
			showEnvVarsInLog = 0;
		};
		24609E57CEA3290368D66A5A /* [CP] Check Pods Manifest.lock */ = {
			isa = PBXShellScriptBuildPhase;
			buildActionMask = 2147483647;
			files = (
			);
			inputPaths = (
				"${PODS_PODFILE_DIR_PATH}/Podfile.lock",
				"${PODS_ROOT}/Manifest.lock",
			);
			name = "[CP] Check Pods Manifest.lock";
			outputPaths = (
				"$(DERIVED_FILE_DIR)/Pods-dssp-checkManifestLockResult.txt",
			);
			runOnlyForDeploymentPostprocessing = 0;
			shellPath = /bin/sh;
			shellScript = "diff \"${PODS_PODFILE_DIR_PATH}/Podfile.lock\" \"${PODS_ROOT}/Manifest.lock\" > /dev/null\nif [ $? != 0 ] ; then\n    # print error to STDERR\n    echo \"error: The sandbox is not in sync with the Podfile.lock. Run 'pod install' or update your CocoaPods installation.\" >&2\n    exit 1\nfi\n# This output is used by Xcode 'outputs' to avoid re-running this script phase.\necho \"SUCCESS\" > \"${SCRIPT_OUTPUT_FILE_0}\"\n";
			showEnvVarsInLog = 0;
		};
		3181480B1FD7969700F00A4D /* ShellScript */ = {
			isa = PBXShellScriptBuildPhase;
			buildActionMask = 2147483647;
			files = (
			);
			inputPaths = (
			);
			outputPaths = (
			);
			runOnlyForDeploymentPostprocessing = 0;
			shellPath = /bin/sh;
			shellScript = "\"${SRCROOT}/Scripts/iconVersioning.sh\"\n\"${SRCROOT}/Scripts/Move_dSYM_To_Storage.sh\"";
		};
		62E58E38BCA19D55CE3FA9BB /* [CP] Check Pods Manifest.lock */ = {
			isa = PBXShellScriptBuildPhase;
			buildActionMask = 2147483647;
			files = (
			);
			inputPaths = (
				"${PODS_PODFILE_DIR_PATH}/Podfile.lock",
				"${PODS_ROOT}/Manifest.lock",
			);
			name = "[CP] Check Pods Manifest.lock";
			outputPaths = (
				"$(DERIVED_FILE_DIR)/Pods-dsspUITests-checkManifestLockResult.txt",
			);
			runOnlyForDeploymentPostprocessing = 0;
			shellPath = /bin/sh;
			shellScript = "diff \"${PODS_PODFILE_DIR_PATH}/Podfile.lock\" \"${PODS_ROOT}/Manifest.lock\" > /dev/null\nif [ $? != 0 ] ; then\n    # print error to STDERR\n    echo \"error: The sandbox is not in sync with the Podfile.lock. Run 'pod install' or update your CocoaPods installation.\" >&2\n    exit 1\nfi\n# This output is used by Xcode 'outputs' to avoid re-running this script phase.\necho \"SUCCESS\" > \"${SCRIPT_OUTPUT_FILE_0}\"\n";
			showEnvVarsInLog = 0;
		};
		68EF9FBDC53D8AC6E25122F8 /* [CP] Embed Pods Frameworks */ = {
			isa = PBXShellScriptBuildPhase;
			buildActionMask = 2147483647;
			files = (
			);
			inputPaths = (
			);
			name = "[CP] Embed Pods Frameworks";
			outputPaths = (
			);
			runOnlyForDeploymentPostprocessing = 0;
			shellPath = /bin/sh;
			shellScript = "\"${SRCROOT}/Pods/Target Support Files/Pods-dssp/Pods-dssp-frameworks.sh\"\n";
			showEnvVarsInLog = 0;
		};
		B54F11B64DB74B7886C3B051 /* [CP] Copy Pods Resources */ = {
			isa = PBXShellScriptBuildPhase;
			buildActionMask = 2147483647;
			files = (
			);
			inputPaths = (
			);
			name = "[CP] Copy Pods Resources";
			outputPaths = (
			);
			runOnlyForDeploymentPostprocessing = 0;
			shellPath = /bin/sh;
			shellScript = "\"${SRCROOT}/Pods/Target Support Files/Pods-dsspUITests/Pods-dsspUITests-resources.sh\"\n";
			showEnvVarsInLog = 0;
		};
		BE9A31A7EF6F687EBD645E2A /* [CP] Embed Pods Frameworks */ = {
			isa = PBXShellScriptBuildPhase;
			buildActionMask = 2147483647;
			files = (
			);
			inputPaths = (
			);
			name = "[CP] Embed Pods Frameworks";
			outputPaths = (
			);
			runOnlyForDeploymentPostprocessing = 0;
			shellPath = /bin/sh;
			shellScript = "\"${SRCROOT}/Pods/Target Support Files/Pods-dsspUITests/Pods-dsspUITests-frameworks.sh\"\n";
			showEnvVarsInLog = 0;
		};
/* End PBXShellScriptBuildPhase section */

/* Begin PBXSourcesBuildPhase section */
		316CA4571F9F3475009F541E /* Sources */ = {
			isa = PBXSourcesBuildPhase;
			buildActionMask = 2147483647;
			files = (
				31CFB26D1FC2733C00130C52 /* CarBindingInput.m in Sources */,
				316B6CEC1FB97F6A008A6094 /* CarBindingViewController.m in Sources */,
				4592B39F1FDE1C07000ADCA0 /* WeatherModel.m in Sources */,
				455036091FE246FC0088DAE0 /* ContractCell.m in Sources */,
				31C176F81FD5444A006E4AEA /* FSPageViewTransformer.swift in Sources */,
				31699EB71FA87CC100C8FDF8 /* BaseViewController.m in Sources */,
				45A145C51FD7E239002C0A78 /* VhlModel.m in Sources */,
				31C176F21FD5444A006E4AEA /* FSPageControl.swift in Sources */,
				310A07E01FA96BF800DC9529 /* MineViewController.m in Sources */,
				310C75091FC7B5C300B3A7D0 /* MapSearchHistory.m in Sources */,
				31699EBA1FA87CE300C8FDF8 /* NavigationController.m in Sources */,
				313AC7DF1FAC5ABD00A3662E /* LocationAnnotationView.m in Sources */,
				313070D21FBA9BD900A0DE71 /* VINBindingViewController.m in Sources */,
				314E05D41FB582D6000550C7 /* TopImgButton.m in Sources */,
				31E4E6181FB9295D00BF954E /* HomeTopView.m in Sources */,
				459679911FE0B7DE008A0C67 /* ForgotViewController.m in Sources */,
				31DDD2561FBABB7900D37DED /* NSArray+Sudoku.m in Sources */,
				316B6CF31FB99BA7008A6094 /* CarSeriesViewController.m in Sources */,
				31C176F51FD5444A006E4AEA /* FSPagerViewCell.swift in Sources */,
				313070CF1FBA924000A0DE71 /* RNRFinishedViewController.m in Sources */,
				316CCCBD1FC66E6800AFF915 /* MapSearchCell.m in Sources */,
				450C7A281FDE3FA700E4652F /* ForecastModel.m in Sources */,
				316B6CF61FB99F4A008A6094 /* RNRViewController.m in Sources */,
				310A07D41FA96AD500DC9529 /* HomeViewController.m in Sources */,
				31C176F61FD5444A006E4AEA /* FSPagerViewLayoutAttributes.swift in Sources */,
				31C176F31FD5444A006E4AEA /* FSPagerCollectionView.swift in Sources */,
				313070C61FBA888000A0DE71 /* UIImagePickerController+StatusBar.m in Sources */,
				316B6CF91FB9A56A008A6094 /* RNRPhotoViewController.m in Sources */,
				316CCCC01FC68C6000AFF915 /* DiscoverViewController.m in Sources */,
				314B98621FD7F24C00ABB638 /* POI.m in Sources */,
				4596799C1FE1417C008A0C67 /* ContractdetailViewController.m in Sources */,
				316B6CE61FB94A35008A6094 /* WifiViewController.m in Sources */,
				31699EBD1FA87D0900C8FDF8 /* TabBarController.m in Sources */,
				4550360C1FE255AA0088DAE0 /* CarUnbindViewController.m in Sources */,
				31C176F41FD5444A006E4AEA /* FSPagerView.swift in Sources */,
				316CCCB41FC57CCC00AFF915 /* LeftImgButton.m in Sources */,
				31C176F71FD5444A006E4AEA /* FSPageViewLayout.swift in Sources */,
				310A07D01FA95B6D00DC9529 /* LoginResult.m in Sources */,
				459679871FDF700A008A0C67 /* RealVinViewcontroller.m in Sources */,
				31699EC11FA87E6900C8FDF8 /* LoginViewController.m in Sources */,
				459679991FE13328008A0C67 /* ContractViewController.m in Sources */,
				316CA46E1F9F3475009F541E /* main.m in Sources */,
				459679961FE0CAA4008A0C67 /* NewPasswordViewController.m in Sources */,
				451F5F411FBD6D3400DFD3F5 /* CarInfoModel.m in Sources */,
				4596798B1FDFDA9C008A0C67 /* FindlistModel.m in Sources */,
				459F22591FBC118300BA13CB /* MineCell.m in Sources */,
				315EE1071FBD34E800067FC6 /* RNRInput.m in Sources */,
				316CA4601F9F3475009F541E /* AppDelegate.m in Sources */,
				459F22541FBBCD7D00BA13CB /* CarInfoViewController.m in Sources */,
				4596798E1FDFDCCD008A0C67 /* FindByAllModel.m in Sources */,
				31DDD2511FBABA0000D37DED /* LoveCarViewController.m in Sources */,
				31699EC41FA87E8400C8FDF8 /* RegisterViewController.m in Sources */,
				45A145C81FD8D61B002C0A78 /* ContractModel.m in Sources */,
				318148081FD6964300F00A4D /* WBAFNetworkingLogger.m in Sources */,
				310A07DA1FA96BDB00DC9529 /* MapViewController.m in Sources */,
				45A145CB1FD8DC69002C0A78 /* ContractDetailed.m in Sources */,
			);
			runOnlyForDeploymentPostprocessing = 0;
		};
		316CA46F1F9F3475009F541E /* Sources */ = {
			isa = PBXSourcesBuildPhase;
			buildActionMask = 2147483647;
			files = (
				316CA4781F9F3475009F541E /* dsspUITests.m in Sources */,
			);
			runOnlyForDeploymentPostprocessing = 0;
		};
/* End PBXSourcesBuildPhase section */

/* Begin PBXTargetDependency section */
		316CA4751F9F3475009F541E /* PBXTargetDependency */ = {
			isa = PBXTargetDependency;
			target = 316CA45A1F9F3475009F541E /* dssp */;
			targetProxy = 316CA4741F9F3475009F541E /* PBXContainerItemProxy */;
		};
/* End PBXTargetDependency section */

/* Begin PBXVariantGroup section */
		313070CB1FBA89C500A0DE71 /* Localizable.strings */ = {
			isa = PBXVariantGroup;
			children = (
				313070CA1FBA89C500A0DE71 /* en */,
				313070CC1FBA89EC00A0DE71 /* zh-Hans */,
			);
			name = Localizable.strings;
			sourceTree = "<group>";
		};
		316CA4691F9F3475009F541E /* LaunchScreen.storyboard */ = {
			isa = PBXVariantGroup;
			children = (
				316CA46A1F9F3475009F541E /* Base */,
			);
			name = LaunchScreen.storyboard;
			sourceTree = "<group>";
		};
/* End PBXVariantGroup section */

/* Begin XCBuildConfiguration section */
		316CA47A1F9F3475009F541E /* Debug */ = {
			isa = XCBuildConfiguration;
			buildSettings = {
				ALWAYS_SEARCH_USER_PATHS = NO;
				CLANG_ANALYZER_LOCALIZABILITY_NONLOCALIZED = YES;
				CLANG_ANALYZER_NONNULL = YES;
				CLANG_ANALYZER_NUMBER_OBJECT_CONVERSION = YES_AGGRESSIVE;
				CLANG_CXX_LANGUAGE_STANDARD = "gnu++14";
				CLANG_CXX_LIBRARY = "libc++";
				CLANG_ENABLE_MODULES = YES;
				CLANG_ENABLE_OBJC_ARC = YES;
				CLANG_WARN_BLOCK_CAPTURE_AUTORELEASING = YES;
				CLANG_WARN_BOOL_CONVERSION = YES;
				CLANG_WARN_COMMA = YES;
				CLANG_WARN_CONSTANT_CONVERSION = YES;
				CLANG_WARN_DIRECT_OBJC_ISA_USAGE = YES_ERROR;
				CLANG_WARN_DOCUMENTATION_COMMENTS = YES;
				CLANG_WARN_EMPTY_BODY = YES;
				CLANG_WARN_ENUM_CONVERSION = YES;
				CLANG_WARN_INFINITE_RECURSION = YES;
				CLANG_WARN_INT_CONVERSION = YES;
				CLANG_WARN_NON_LITERAL_NULL_CONVERSION = YES;
				CLANG_WARN_OBJC_LITERAL_CONVERSION = YES;
				CLANG_WARN_OBJC_ROOT_CLASS = YES_ERROR;
				CLANG_WARN_RANGE_LOOP_ANALYSIS = YES;
				CLANG_WARN_STRICT_PROTOTYPES = YES;
				CLANG_WARN_SUSPICIOUS_MOVE = YES;
				CLANG_WARN_UNGUARDED_AVAILABILITY = YES_AGGRESSIVE;
				CLANG_WARN_UNREACHABLE_CODE = YES;
				CLANG_WARN__DUPLICATE_METHOD_MATCH = YES;
				CODE_SIGN_IDENTITY = "iPhone Developer";
				COPY_PHASE_STRIP = NO;
				CURRENT_PROJECT_VERSION = 1;
				DEBUG_INFORMATION_FORMAT = dwarf;
				ENABLE_STRICT_OBJC_MSGSEND = YES;
				ENABLE_TESTABILITY = YES;
				GCC_C_LANGUAGE_STANDARD = gnu11;
				GCC_DYNAMIC_NO_PIC = NO;
				GCC_NO_COMMON_BLOCKS = YES;
				GCC_OPTIMIZATION_LEVEL = 0;
				GCC_PREPROCESSOR_DEFINITIONS = (
					"DEBUG=1",
					"$(inherited)",
				);
				GCC_WARN_64_TO_32_BIT_CONVERSION = YES;
				GCC_WARN_ABOUT_RETURN_TYPE = YES_ERROR;
				GCC_WARN_UNDECLARED_SELECTOR = YES;
				GCC_WARN_UNINITIALIZED_AUTOS = YES_AGGRESSIVE;
				GCC_WARN_UNUSED_FUNCTION = YES;
				GCC_WARN_UNUSED_VARIABLE = YES;
				IPHONEOS_DEPLOYMENT_TARGET = 8.0;
				MTL_ENABLE_DEBUG_INFO = YES;
				ONLY_ACTIVE_ARCH = YES;
				SDKROOT = iphoneos;
				VERSIONING_SYSTEM = "apple-generic";
			};
			name = Debug;
		};
		316CA47B1F9F3475009F541E /* Release */ = {
			isa = XCBuildConfiguration;
			buildSettings = {
				ALWAYS_SEARCH_USER_PATHS = NO;
				CLANG_ANALYZER_LOCALIZABILITY_NONLOCALIZED = YES;
				CLANG_ANALYZER_NONNULL = YES;
				CLANG_ANALYZER_NUMBER_OBJECT_CONVERSION = YES_AGGRESSIVE;
				CLANG_CXX_LANGUAGE_STANDARD = "gnu++14";
				CLANG_CXX_LIBRARY = "libc++";
				CLANG_ENABLE_MODULES = YES;
				CLANG_ENABLE_OBJC_ARC = YES;
				CLANG_WARN_BLOCK_CAPTURE_AUTORELEASING = YES;
				CLANG_WARN_BOOL_CONVERSION = YES;
				CLANG_WARN_COMMA = YES;
				CLANG_WARN_CONSTANT_CONVERSION = YES;
				CLANG_WARN_DIRECT_OBJC_ISA_USAGE = YES_ERROR;
				CLANG_WARN_DOCUMENTATION_COMMENTS = YES;
				CLANG_WARN_EMPTY_BODY = YES;
				CLANG_WARN_ENUM_CONVERSION = YES;
				CLANG_WARN_INFINITE_RECURSION = YES;
				CLANG_WARN_INT_CONVERSION = YES;
				CLANG_WARN_NON_LITERAL_NULL_CONVERSION = YES;
				CLANG_WARN_OBJC_LITERAL_CONVERSION = YES;
				CLANG_WARN_OBJC_ROOT_CLASS = YES_ERROR;
				CLANG_WARN_RANGE_LOOP_ANALYSIS = YES;
				CLANG_WARN_STRICT_PROTOTYPES = YES;
				CLANG_WARN_SUSPICIOUS_MOVE = YES;
				CLANG_WARN_UNGUARDED_AVAILABILITY = YES_AGGRESSIVE;
				CLANG_WARN_UNREACHABLE_CODE = YES;
				CLANG_WARN__DUPLICATE_METHOD_MATCH = YES;
				CODE_SIGN_IDENTITY = "iPhone Developer";
				COPY_PHASE_STRIP = NO;
				CURRENT_PROJECT_VERSION = 1;
				DEBUG_INFORMATION_FORMAT = "dwarf-with-dsym";
				ENABLE_NS_ASSERTIONS = NO;
				ENABLE_STRICT_OBJC_MSGSEND = YES;
				GCC_C_LANGUAGE_STANDARD = gnu11;
				GCC_NO_COMMON_BLOCKS = YES;
				GCC_WARN_64_TO_32_BIT_CONVERSION = YES;
				GCC_WARN_ABOUT_RETURN_TYPE = YES_ERROR;
				GCC_WARN_UNDECLARED_SELECTOR = YES;
				GCC_WARN_UNINITIALIZED_AUTOS = YES_AGGRESSIVE;
				GCC_WARN_UNUSED_FUNCTION = YES;
				GCC_WARN_UNUSED_VARIABLE = YES;
				IPHONEOS_DEPLOYMENT_TARGET = 8.0;
				MTL_ENABLE_DEBUG_INFO = NO;
				SDKROOT = iphoneos;
				VALIDATE_PRODUCT = YES;
				VERSIONING_SYSTEM = "apple-generic";
			};
			name = Release;
		};
		316CA47D1F9F3475009F541E /* Debug */ = {
			isa = XCBuildConfiguration;
			baseConfigurationReference = FD90459FB3727141B8AEA1F4 /* Pods-dssp.debug.xcconfig */;
			buildSettings = {
				ASSETCATALOG_COMPILER_APPICON_NAME = AppIcon;
				CODE_SIGN_ENTITLEMENTS = dssp/dssp.entitlements;
				"CODE_SIGN_IDENTITY[sdk=iphoneos*]" = "iPhone Developer";
				CODE_SIGN_STYLE = Manual;
				CURRENT_PROJECT_VERSION = 1;
				DEBUG_INFORMATION_FORMAT = "dwarf-with-dsym";
				DEFINES_MODULE = YES;
				DEVELOPMENT_TEAM = B6Q5RKSB5N;
				GCC_PRECOMPILE_PREFIX_HEADER = YES;
				GCC_PREFIX_HEADER = "${SRCROOT}/dssp/Supporting Files/PrefixHeader.pch";
				INFOPLIST_FILE = dssp/Info.plist;
				IPHONEOS_DEPLOYMENT_TARGET = 8.0;
				LD_RUNPATH_SEARCH_PATHS = "$(inherited) @executable_path/Frameworks";
				LIBRARY_SEARCH_PATHS = (
					"$(inherited)",
					"$(PROJECT_DIR)/dssp/Utils/UMessage_Sdk_1.5.0a",
				);
				ONLY_ACTIVE_ARCH = YES;
				PRODUCT_BUNDLE_IDENTIFIER = com.capsa.dssp;
				PRODUCT_NAME = "$(TARGET_NAME)";
				PROVISIONING_PROFILE = "00be2727-97ff-43ca-b4e4-a9c3afd8c5bc";
				PROVISIONING_PROFILE_SPECIFIER = dsspdevelop;
				SWIFT_VERSION = 4.0;
				TARGETED_DEVICE_FAMILY = "1,2";
				VERSIONING_SYSTEM = "apple-generic";
			};
			name = Debug;
		};
		316CA47E1F9F3475009F541E /* Release */ = {
			isa = XCBuildConfiguration;
			baseConfigurationReference = 811888EF83C98D3C045A8588 /* Pods-dssp.release.xcconfig */;
			buildSettings = {
				ASSETCATALOG_COMPILER_APPICON_NAME = AppIcon;
				CODE_SIGN_ENTITLEMENTS = dssp/dssp.entitlements;
				"CODE_SIGN_IDENTITY[sdk=iphoneos*]" = "iPhone Distribution";
				CODE_SIGN_STYLE = Manual;
				CURRENT_PROJECT_VERSION = 1;
				DEBUG_INFORMATION_FORMAT = "dwarf-with-dsym";
				DEFINES_MODULE = YES;
				DEVELOPMENT_TEAM = B6Q5RKSB5N;
				GCC_PRECOMPILE_PREFIX_HEADER = YES;
				GCC_PREFIX_HEADER = "${SRCROOT}/dssp/Supporting Files/PrefixHeader.pch";
				INFOPLIST_FILE = dssp/Info.plist;
				IPHONEOS_DEPLOYMENT_TARGET = 8.0;
				LD_RUNPATH_SEARCH_PATHS = "$(inherited) @executable_path/Frameworks";
				LIBRARY_SEARCH_PATHS = (
					"$(inherited)",
					"$(PROJECT_DIR)/dssp/Utils/UMessage_Sdk_1.5.0a",
				);
				ONLY_ACTIVE_ARCH = NO;
				PRODUCT_BUNDLE_IDENTIFIER = com.capsa.dssp;
				PRODUCT_NAME = "$(TARGET_NAME)";
				PROVISIONING_PROFILE = "6abb9ce5-7d90-43c5-bb44-b3f69d80517b";
				PROVISIONING_PROFILE_SPECIFIER = dsspdistribution;
				SWIFT_VERSION = 4.0;
				TARGETED_DEVICE_FAMILY = "1,2";
				VERSIONING_SYSTEM = "apple-generic";
			};
			name = Release;
		};
		316CA4801F9F3475009F541E /* Debug */ = {
			isa = XCBuildConfiguration;
			baseConfigurationReference = 1E574CBB6F9BF8B9B4FB775F /* Pods-dsspUITests.debug.xcconfig */;
			buildSettings = {
				ALWAYS_EMBED_SWIFT_STANDARD_LIBRARIES = YES;
				"CODE_SIGN_IDENTITY[sdk=iphoneos*]" = "iPhone Developer";
				CODE_SIGN_STYLE = Automatic;
				DEVELOPMENT_TEAM = B6Q5RKSB5N;
				INFOPLIST_FILE = dsspUITests/Info.plist;
				LD_RUNPATH_SEARCH_PATHS = "$(inherited) @executable_path/Frameworks @loader_path/Frameworks";
				PRODUCT_BUNDLE_IDENTIFIER = com.capsa.dsspUITests;
				PRODUCT_NAME = "$(TARGET_NAME)";
				PROVISIONING_PROFILE_SPECIFIER = "";
				TARGETED_DEVICE_FAMILY = "1,2";
				TEST_TARGET_NAME = dssp;
			};
			name = Debug;
		};
		316CA4811F9F3475009F541E /* Release */ = {
			isa = XCBuildConfiguration;
			baseConfigurationReference = 10BBD8E837E05F1B4B40ABF6 /* Pods-dsspUITests.release.xcconfig */;
			buildSettings = {
				ALWAYS_EMBED_SWIFT_STANDARD_LIBRARIES = YES;
				"CODE_SIGN_IDENTITY[sdk=iphoneos*]" = "iPhone Developer";
				CODE_SIGN_STYLE = Automatic;
				DEVELOPMENT_TEAM = B6Q5RKSB5N;
				INFOPLIST_FILE = dsspUITests/Info.plist;
				LD_RUNPATH_SEARCH_PATHS = "$(inherited) @executable_path/Frameworks @loader_path/Frameworks";
				PRODUCT_BUNDLE_IDENTIFIER = com.capsa.dsspUITests;
				PRODUCT_NAME = "$(TARGET_NAME)";
				PROVISIONING_PROFILE_SPECIFIER = "";
				TARGETED_DEVICE_FAMILY = "1,2";
				TEST_TARGET_NAME = dssp;
			};
			name = Release;
		};
/* End XCBuildConfiguration section */

/* Begin XCConfigurationList section */
		316CA4561F9F3475009F541E /* Build configuration list for PBXProject "dssp" */ = {
			isa = XCConfigurationList;
			buildConfigurations = (
				316CA47A1F9F3475009F541E /* Debug */,
				316CA47B1F9F3475009F541E /* Release */,
			);
			defaultConfigurationIsVisible = 0;
			defaultConfigurationName = Release;
		};
		316CA47C1F9F3475009F541E /* Build configuration list for PBXNativeTarget "dssp" */ = {
			isa = XCConfigurationList;
			buildConfigurations = (
				316CA47D1F9F3475009F541E /* Debug */,
				316CA47E1F9F3475009F541E /* Release */,
			);
			defaultConfigurationIsVisible = 0;
			defaultConfigurationName = Release;
		};
		316CA47F1F9F3475009F541E /* Build configuration list for PBXNativeTarget "dsspUITests" */ = {
			isa = XCConfigurationList;
			buildConfigurations = (
				316CA4801F9F3475009F541E /* Debug */,
				316CA4811F9F3475009F541E /* Release */,
			);
			defaultConfigurationIsVisible = 0;
			defaultConfigurationName = Release;
		};
/* End XCConfigurationList section */
	};
	rootObject = 316CA4531F9F3475009F541E /* Project object */;
}
